
Microsoft Visual Studio Solution File, Format Version 12.00
# Visual Studio Version 17
VisualStudioVersion = 17.4.33213.308
MinimumVisualStudioVersion = 10.0.40219.1
Project("{FAE04EC0-301F-11D3-BF4B-00C04F79EFBC}") = "CalculadoraTI20N", "CalculadoraTI20N\CalculadoraTI20N.csproj", "{B73CF6DB-2E83-44C0-8641-8BBD3E1454BE}"
EndProject
Global
	GlobalSection(SolutionConfigurationPlatforms) = preSolution
		Debug|Any CPU = Debug|Any CPU
		Release|Any CPU = Release|Any CPU
	EndGlobalSection
	GlobalSection(ProjectConfigurationPlatforms) = postSolution
		{B73CF6DB-2E83-44C0-8641-8BBD3E1454BE}.Debug|Any CPU.ActiveCfg = Debug|Any CPU
		{B73CF6DB-2E83-44C0-8641-8BBD3E1454BE}.Debug|Any CPU.Build.0 = Debug|Any CPU
		{B73CF6DB-2E83-44C0-8641-8BBD3E1454BE}.Release|Any CPU.ActiveCfg = Release|Any CPU
		{B73CF6DB-2E83-44C0-8641-8BBD3E1454BE}.Release|Any CPU.Build.0 = Release|Any CPU
	EndGlobalSection
	GlobalSection(SolutionProperties) = preSolution
		HideSolutionNode = FALSE
	EndGlobalSection
	GlobalSection(ExtensibilityGlobals) = postSolution
		SolutionGuid = {FB92D529-895D-479C-97CE-6096907C9E2A}
	EndGlobalSection
EndGlobal
